
Microsoft Visual Studio Solution File, Format Version 12.00
# Visual Studio Version 17
VisualStudioVersion = 17.0.31903.59
MinimumVisualStudioVersion = 10.0.40219.1
Project("{FAE04EC0-301F-11D3-BF4B-00C04F79EFBC}") = "PetProject", "PetProject\PetProject.csproj", "{B102A5F7-5D7A-4A9A-BA7A-539AF83E9204}"
EndProject
Project("{FAE04EC0-301F-11D3-BF4B-00C04F79EFBC}") = "Core", "Core\Core.csproj", "{C9EEBD8C-52D0-43E8-987B-9D7CD7397935}"
EndProject
Project("{FAE04EC0-301F-11D3-BF4B-00C04F79EFBC}") = "Infrastructure", "Infrastructure\Infrastructure.csproj", "{21EEEBA5-AB47-4F6E-B563-5043D209AE3C}"
EndProject
Global
	GlobalSection(SolutionConfigurationPlatforms) = preSolution
		Debug|Any CPU = Debug|Any CPU
		Release|Any CPU = Release|Any CPU
	EndGlobalSection
	GlobalSection(SolutionProperties) = preSolution
		HideSolutionNode = FALSE
	EndGlobalSection
	GlobalSection(ProjectConfigurationPlatforms) = postSolution
		{B102A5F7-5D7A-4A9A-BA7A-539AF83E9204}.Debug|Any CPU.ActiveCfg = Debug|Any CPU
		{B102A5F7-5D7A-4A9A-BA7A-539AF83E9204}.Debug|Any CPU.Build.0 = Debug|Any CPU
		{B102A5F7-5D7A-4A9A-BA7A-539AF83E9204}.Release|Any CPU.ActiveCfg = Release|Any CPU
		{B102A5F7-5D7A-4A9A-BA7A-539AF83E9204}.Release|Any CPU.Build.0 = Release|Any CPU
		{C9EEBD8C-52D0-43E8-987B-9D7CD7397935}.Debug|Any CPU.ActiveCfg = Debug|Any CPU
		{C9EEBD8C-52D0-43E8-987B-9D7CD7397935}.Debug|Any CPU.Build.0 = Debug|Any CPU
		{C9EEBD8C-52D0-43E8-987B-9D7CD7397935}.Release|Any CPU.ActiveCfg = Release|Any CPU
		{C9EEBD8C-52D0-43E8-987B-9D7CD7397935}.Release|Any CPU.Build.0 = Release|Any CPU
		{21EEEBA5-AB47-4F6E-B563-5043D209AE3C}.Debug|Any CPU.ActiveCfg = Debug|Any CPU
		{21EEEBA5-AB47-4F6E-B563-5043D209AE3C}.Debug|Any CPU.Build.0 = Debug|Any CPU
		{21EEEBA5-AB47-4F6E-B563-5043D209AE3C}.Release|Any CPU.ActiveCfg = Release|Any CPU
		{21EEEBA5-AB47-4F6E-B563-5043D209AE3C}.Release|Any CPU.Build.0 = Release|Any CPU
	EndGlobalSection
EndGlobal
